// !$*UTF8*$!
{
	archiveVersion = 1;
	classes = {
	};
	objectVersion = 77;
	objects = {

/* Begin PBXBuildFile section */
		A10000000000000000000001 /* UserAssetsTests.swift in Sources */ = {isa = PBXBuildFile; fileRef = A10000000000000000000002 /* UserAssetsTests.swift */; };
		A10000000000000000000003 /* AgentKit in Frameworks */ = {isa = PBXBuildFile; productRef = D0962064300B1D160005EBC6 /* AgentKit */; };
		B20000000000000000000001 /* TalkifyShareExtension.appex in Embed App Extensions */ = {isa = PBXBuildFile; fileRef = B20000000000000000000003 /* TalkifyShareExtension.appex */; platformFilter = ios; settings = {ATTRIBUTES = (RemoveHeadersOnCopy, ); }; };
		C40000000000000000000001 /* ProviderTemplateTests.swift in Sources */ = {isa = PBXBuildFile; fileRef = C40000000000000000000002 /* ProviderTemplateTests.swift */; };
		D0935524300EEFCF006C3962 /* ClientToolsKit in Frameworks */ = {isa = PBXBuildFile; productRef = D0935523300EEFCF006C3962 /* ClientToolsKit */; };
		D093565A300F7080006C3962 /* FileViewerKit in Frameworks */ = {isa = PBXBuildFile; productRef = D0935659300F7080006C3962 /* FileViewerKit */; };
		D096205E300B19610005EBC6 /* CoreKit in Frameworks */ = {isa = PBXBuildFile; productRef = D096205D300B19610005EBC6 /* CoreKit */; };
		D0962061300B19920005EBC6 /* FeatureAuth in Frameworks */ = {isa = PBXBuildFile; productRef = D0962060300B19920005EBC6 /* FeatureAuth */; };
		D0962065300B1D160005EBC6 /* AgentKit in Frameworks */ = {isa = PBXBuildFile; productRef = D0962064300B1D160005EBC6 /* AgentKit */; };
		D0F9C4AB30146A5D00DD5013 /* DesignKit in Frameworks */ = {isa = PBXBuildFile; productRef = D0F9C21E3014645F00DD5013 /* DesignKit */; };
		D0F9C7EA3016DE7000DD5013 /* CoreKit in Frameworks */ = {isa = PBXBuildFile; productRef = D096205D300B19610005EBC6 /* CoreKit */; };
/* End PBXBuildFile section */

/* Begin PBXContainerItemProxy section */
		A10000000000000000000005 /* PBXContainerItemProxy */ = {
			isa = PBXContainerItemProxy;
			containerPortal = D0962001300B17250005EBC6 /* Project object */;
			proxyType = 1;
			remoteGlobalIDString = D0962008300B17250005EBC6;
			remoteInfo = Talkify;
		};
		B20000000000000000000002 /* PBXContainerItemProxy */ = {
			isa = PBXContainerItemProxy;
			containerPortal = D0962001300B17250005EBC6 /* Project object */;
			proxyType = 1;
			remoteGlobalIDString = B20000000000000000000010;
			remoteInfo = TalkifyShareExtension;
		};
/* End PBXContainerItemProxy section */

/* Begin PBXCopyFilesBuildPhase section */
		B20000000000000000000008 /* Embed App Extensions */ = {
			isa = PBXCopyFilesBuildPhase;
			buildActionMask = 2147483647;
			dstPath = "";
			dstSubfolderSpec = 13;
			files = (
				B20000000000000000000001 /* TalkifyShareExtension.appex in Embed App Extensions */,
			);
			name = "Embed App Extensions";
			runOnlyForDeploymentPostprocessing = 0;
		};
/* End PBXCopyFilesBuildPhase section */

/* Begin PBXFileReference section */
		A10000000000000000000002 /* UserAssetsTests.swift */ = {isa = PBXFileReference; lastKnownFileType = sourcecode.swift; path = UserAssetsTests.swift; sourceTree = "<group>"; };
		A10000000000000000000004 /* TalkifyTests.xctest */ = {isa = PBXFileReference; explicitFileType = wrapper.cfbundle; includeInIndex = 0; path = TalkifyTests.xctest; sourceTree = BUILT_PRODUCTS_DIR; };
		B20000000000000000000003 /* TalkifyShareExtension.appex */ = {isa = PBXFileReference; explicitFileType = "wrapper.app-extension"; includeInIndex = 0; path = TalkifyShareExtension.appex; sourceTree = BUILT_PRODUCTS_DIR; };
		C30000000000000000000001 /* TalkifyMacCommon.xcconfig */ = {isa = PBXFileReference; lastKnownFileType = text.xcconfig; path = TalkifyMacCommon.xcconfig; sourceTree = "<group>"; };
		C30000000000000000000002 /* TalkifyMacAppStore.xcconfig */ = {isa = PBXFileReference; lastKnownFileType = text.xcconfig; path = TalkifyMacAppStore.xcconfig; sourceTree = "<group>"; };
		C30000000000000000000003 /* TalkifyMacDirect.xcconfig */ = {isa = PBXFileReference; lastKnownFileType = text.xcconfig; path = TalkifyMacDirect.xcconfig; sourceTree = "<group>"; };
		C40000000000000000000002 /* ProviderTemplateTests.swift */ = {isa = PBXFileReference; lastKnownFileType = sourcecode.swift; path = ProviderTemplateTests.swift; sourceTree = "<group>"; };
		D0962009300B17250005EBC6 /* Talkify.app */ = {isa = PBXFileReference; explicitFileType = wrapper.application; includeInIndex = 0; path = Talkify.app; sourceTree = BUILT_PRODUCTS_DIR; };
/* End PBXFileReference section */

/* Begin PBXFileSystemSynchronizedBuildFileExceptionSet section */
		B20000000000000000000015 /* Exceptions for "TalkifyShareExtension" folder in "TalkifyShareExtension" target */ = {
			isa = PBXFileSystemSynchronizedBuildFileExceptionSet;
			membershipExceptions = (
				Info.plist,
			);
			target = B20000000000000000000010 /* TalkifyShareExtension */;
		};
/* End PBXFileSystemSynchronizedBuildFileExceptionSet section */

/* Begin PBXFileSystemSynchronizedRootGroup section */
		B20000000000000000000004 /* TalkifyShareExtension */ = {
			isa = PBXFileSystemSynchronizedRootGroup;
			exceptions = (
				B20000000000000000000015 /* Exceptions for "TalkifyShareExtension" folder in "TalkifyShareExtension" target */,
			);
			path = TalkifyShareExtension;
			sourceTree = "<group>";
		};
		D096200B300B17250005EBC6 /* Talkify */ = {
			isa = PBXFileSystemSynchronizedRootGroup;
			path = Talkify;
			sourceTree = "<group>";
		};
/* End PBXFileSystemSynchronizedRootGroup section */

/* Begin PBXFrameworksBuildPhase section */
		A10000000000000000000006 /* Frameworks */ = {
			isa = PBXFrameworksBuildPhase;
			buildActionMask = 2147483647;
			files = (
				A10000000000000000000003 /* AgentKit in Frameworks */,
			);
			runOnlyForDeploymentPostprocessing = 0;
		};
		B20000000000000000000005 /* Frameworks */ = {
			isa = PBXFrameworksBuildPhase;
			buildActionMask = 2147483647;
			files = (
				D0F9C7EA3016DE7000DD5013 /* CoreKit in Frameworks */,
			);
			runOnlyForDeploymentPostprocessing = 0;
		};
		D0962006300B17250005EBC6 /* Frameworks */ = {
			isa = PBXFrameworksBuildPhase;
			buildActionMask = 2147483647;
			files = (
				D0F9C4AB30146A5D00DD5013 /* DesignKit in Frameworks */,
				D096205E300B19610005EBC6 /* CoreKit in Frameworks */,
				D0962061300B19920005EBC6 /* FeatureAuth in Frameworks */,
				D0935524300EEFCF006C3962 /* ClientToolsKit in Frameworks */,
				D0962065300B1D160005EBC6 /* AgentKit in Frameworks */,
				D093565A300F7080006C3962 /* FileViewerKit in Frameworks */,
			);
			runOnlyForDeploymentPostprocessing = 0;
		};
/* End PBXFrameworksBuildPhase section */

/* Begin PBXGroup section */
		A10000000000000000000007 /* TalkifyTests */ = {
			isa = PBXGroup;
			children = (
				A10000000000000000000002 /* UserAssetsTests.swift */,
				C40000000000000000000002 /* ProviderTemplateTests.swift */,
			);
			path = TalkifyTests;
			sourceTree = "<group>";
		};
		C30000000000000000000004 /* Configurations */ = {
			isa = PBXGroup;
			children = (
				C30000000000000000000002 /* TalkifyMacAppStore.xcconfig */,
				C30000000000000000000003 /* TalkifyMacDirect.xcconfig */,
				C30000000000000000000001 /* TalkifyMacCommon.xcconfig */,
			);
			path = Configurations;
			sourceTree = "<group>";
		};
		D0935522300EEFCF006C3962 /* Frameworks */ = {
			isa = PBXGroup;
			children = (
			);
			name = Frameworks;
			sourceTree = "<group>";
		};
		D0962000300B17250005EBC6 = {
			isa = PBXGroup;
			children = (
				C30000000000000000000004 /* Configurations */,
				D096200B300B17250005EBC6 /* Talkify */,
				B20000000000000000000004 /* TalkifyShareExtension */,
				A10000000000000000000007 /* TalkifyTests */,
				D0935522300EEFCF006C3962 /* Frameworks */,
				D096200A300B17250005EBC6 /* Products */,
			);
			sourceTree = "<group>";
		};
		D096200A300B17250005EBC6 /* Products */ = {
			isa = PBXGroup;
			children = (
				D0962009300B17250005EBC6 /* Talkify.app */,
				B20000000000000000000003 /* TalkifyShareExtension.appex */,
				A10000000000000000000004 /* TalkifyTests.xctest */,
			);
			name = Products;
			sourceTree = "<group>";
		};
/* End PBXGroup section */

/* Begin PBXNativeTarget section */
		A10000000000000000000008 /* TalkifyTests */ = {
			isa = PBXNativeTarget;
			buildConfigurationList = A10000000000000000000009 /* Build configuration list for PBXNativeTarget "TalkifyTests" */;
			buildPhases = (
				A1000000000000000000000A /* Sources */,
				A10000000000000000000006 /* Frameworks */,
				A1000000000000000000000B /* Resources */,
			);
			buildRules = (
			);
			dependencies = (
				A1000000000000000000000C /* PBXTargetDependency */,
			);
			name = TalkifyTests;
			packageProductDependencies = (
				D0962064300B1D160005EBC6 /* AgentKit */,
			);
			productName = TalkifyTests;
			productReference = A10000000000000000000004 /* TalkifyTests.xctest */;
			productType = "com.apple.product-type.bundle.unit-test";
		};
		B20000000000000000000010 /* TalkifyShareExtension */ = {
			isa = PBXNativeTarget;
			buildConfigurationList = B20000000000000000000011 /* Build configuration list for PBXNativeTarget "TalkifyShareExtension" */;
			buildPhases = (
				B20000000000000000000007 /* Sources */,
				B20000000000000000000005 /* Frameworks */,
				B20000000000000000000006 /* Resources */,
			);
			buildRules = (
			);
			dependencies = (
			);
			fileSystemSynchronizedGroups = (
				B20000000000000000000004 /* TalkifyShareExtension */,
			);
			name = TalkifyShareExtension;
			packageProductDependencies = (
				D096205D300B19610005EBC6 /* CoreKit */,
			);
			productName = TalkifyShareExtension;
			productReference = B20000000000000000000003 /* TalkifyShareExtension.appex */;
			productType = "com.apple.product-type.app-extension";
		};
		D0962008300B17250005EBC6 /* Talkify */ = {
			isa = PBXNativeTarget;
			buildConfigurationList = D0962014300B17270005EBC6 /* Build configuration list for PBXNativeTarget "Talkify" */;
			buildPhases = (
				D0962005300B17250005EBC6 /* Sources */,
				D0962006300B17250005EBC6 /* Frameworks */,
				D0962007300B17250005EBC6 /* Resources */,
				B20000000000000000000008 /* Embed App Extensions */,
			);
			buildRules = (
			);
			dependencies = (
				B20000000000000000000012 /* PBXTargetDependency */,
			);
			fileSystemSynchronizedGroups = (
				D096200B300B17250005EBC6 /* Talkify */,
			);
			name = Talkify;
			packageProductDependencies = (
				D096205D300B19610005EBC6 /* CoreKit */,
				D0962060300B19920005EBC6 /* FeatureAuth */,
				D0962064300B1D160005EBC6 /* AgentKit */,
				D0935523300EEFCF006C3962 /* ClientToolsKit */,
				D0935659300F7080006C3962 /* FileViewerKit */,
				D0F9C21E3014645F00DD5013 /* DesignKit */,
			);
			productName = Talkify;
			productReference = D0962009300B17250005EBC6 /* Talkify.app */;
			productType = "com.apple.product-type.application";
		};
/* End PBXNativeTarget section */

/* Begin PBXProject section */
		D0962001300B17250005EBC6 /* Project object */ = {
			isa = PBXProject;
			attributes = {
				BuildIndependentTargetsInParallel = 1;
				LastSwiftUpdateCheck = 2630;
				LastUpgradeCheck = 2630;
				TargetAttributes = {
					A10000000000000000000008 = {
						CreatedOnToolsVersion = 26.3;
						TestTargetID = D0962008300B17250005EBC6;
					};
					B20000000000000000000010 = {
						CreatedOnToolsVersion = 26.3;
					};
					D0962008300B17250005EBC6 = {
						CreatedOnToolsVersion = 26.3;
					};
				};
			};
			buildConfigurationList = D0962004300B17250005EBC6 /* Build configuration list for PBXProject "Talkify" */;
			developmentRegion = en;
			hasScannedForEncodings = 0;
			knownRegions = (
				en,
				Base,
				de,
				"zh-Hans",
				ja,
				eu,
				uk,
				nb,
				"en-GB",
				es,
				it,
				be,
				ko,
				"zh-Hant",
				tr,
				pl,
				"pt-BR",
				fr,
				nl,
				ca,
			);
			mainGroup = D0962000300B17250005EBC6;
			minimizedProjectReferenceProxies = 1;
			packageReferences = (
				D096205C300B19610005EBC6 /* XCLocalSwiftPackageReference "Packages/CoreKit" */,
				D096205F300B19920005EBC6 /* XCLocalSwiftPackageReference "Packages/FeatureAuth" */,
				D0962062300B1D160005EBC6 /* XCLocalSwiftPackageReference "../AgentKit" */,
				D0935521300EEF17006C3962 /* XCLocalSwiftPackageReference "../ClientToolsKit" */,
				D093553C300F63FC006C3962 /* XCLocalSwiftPackageReference "../FileViewerKit" */,
				D0F9C21D3014645F00DD5013 /* XCLocalSwiftPackageReference "Packages/DesignKit" */,
			);
			preferredProjectObjectVersion = 77;
			productRefGroup = D096200A300B17250005EBC6 /* Products */;
			projectDirPath = "";
			projectRoot = "";
			targets = (
				D0962008300B17250005EBC6 /* Talkify */,
				A10000000000000000000008 /* TalkifyTests */,
				B20000000000000000000010 /* TalkifyShareExtension */,
			);
		};
/* End PBXProject section */

/* Begin PBXResourcesBuildPhase section */
		A1000000000000000000000B /* Resources */ = {
			isa = PBXResourcesBuildPhase;
			buildActionMask = 2147483647;
			files = (
			);
			runOnlyForDeploymentPostprocessing = 0;
		};
		B20000000000000000000006 /* Resources */ = {
			isa = PBXResourcesBuildPhase;
			buildActionMask = 2147483647;
			files = (
			);
			runOnlyForDeploymentPostprocessing = 0;
		};
		D0962007300B17250005EBC6 /* Resources */ = {
			isa = PBXResourcesBuildPhase;
			buildActionMask = 2147483647;
			files = (
			);
			runOnlyForDeploymentPostprocessing = 0;
		};
/* End PBXResourcesBuildPhase section */

/* Begin PBXSourcesBuildPhase section */
		A1000000000000000000000A /* Sources */ = {
			isa = PBXSourcesBuildPhase;
			buildActionMask = 2147483647;
			files = (
				A10000000000000000000001 /* UserAssetsTests.swift in Sources */,
				C40000000000000000000001 /* ProviderTemplateTests.swift in Sources */,
			);
			runOnlyForDeploymentPostprocessing = 0;
		};
		B20000000000000000000007 /* Sources */ = {
			isa = PBXSourcesBuildPhase;
			buildActionMask = 2147483647;
			files = (
			);
			runOnlyForDeploymentPostprocessing = 0;
		};
		D0962005300B17250005EBC6 /* Sources */ = {
			isa = PBXSourcesBuildPhase;
			buildActionMask = 2147483647;
			files = (
			);
			runOnlyForDeploymentPostprocessing = 0;
		};
/* End PBXSourcesBuildPhase section */

/* Begin PBXTargetDependency section */
		A1000000000000000000000C /* PBXTargetDependency */ = {
			isa = PBXTargetDependency;
			target = D0962008300B17250005EBC6 /* Talkify */;
			targetProxy = A10000000000000000000005 /* PBXContainerItemProxy */;
		};
		B20000000000000000000012 /* PBXTargetDependency */ = {
			isa = PBXTargetDependency;
			platformFilter = ios;
			target = B20000000000000000000010 /* TalkifyShareExtension */;
			targetProxy = B20000000000000000000002 /* PBXContainerItemProxy */;
		};
/* End PBXTargetDependency section */

/* Begin XCBuildConfiguration section */
		A1000000000000000000000D /* Debug */ = {
			isa = XCBuildConfiguration;
			buildSettings = {
				BUNDLE_LOADER = "$(TEST_HOST)";
				CODE_SIGN_STYLE = Automatic;
				DEVELOPMENT_TEAM = NKW67GFDHM;
				GENERATE_INFOPLIST_FILE = YES;
				IPHONEOS_DEPLOYMENT_TARGET = 18;
				MACOSX_DEPLOYMENT_TARGET = 15;
				PRODUCT_BUNDLE_IDENTIFIER = com.objc.chatTests;
				PRODUCT_NAME = "$(TARGET_NAME)";
				SDKROOT = auto;
				SUPPORTED_PLATFORMS = "iphoneos iphonesimulator macosx";
				SWIFT_VERSION = 5.0;
				TARGETED_DEVICE_FAMILY = "1,2";
				TEST_HOST = "$(BUILT_PRODUCTS_DIR)/Talkify.app/$(BUNDLE_EXECUTABLE_FOLDER_PATH)/Talkify";
			};
			name = Debug;
		};
		A1000000000000000000000E /* Release */ = {
			isa = XCBuildConfiguration;
			buildSettings = {
				BUNDLE_LOADER = "$(TEST_HOST)";
				CODE_SIGN_STYLE = Automatic;
				DEVELOPMENT_TEAM = NKW67GFDHM;
				GENERATE_INFOPLIST_FILE = YES;
				IPHONEOS_DEPLOYMENT_TARGET = 18;
				MACOSX_DEPLOYMENT_TARGET = 15;
				PRODUCT_BUNDLE_IDENTIFIER = com.objc.chatTests;
				PRODUCT_NAME = "$(TARGET_NAME)";
				SDKROOT = auto;
				SUPPORTED_PLATFORMS = "iphoneos iphonesimulator macosx";
				SWIFT_VERSION = 5.0;
				TARGETED_DEVICE_FAMILY = "1,2";
				TEST_HOST = "$(BUILT_PRODUCTS_DIR)/Talkify.app/$(BUNDLE_EXECUTABLE_FOLDER_PATH)/Talkify";
			};
			name = Release;
		};
		B20000000000000000000013 /* Debug */ = {
			isa = XCBuildConfiguration;
			buildSettings = {
				APPLICATION_EXTENSION_API_ONLY = YES;
				CODE_SIGN_ENTITLEMENTS = TalkifyShareExtension/TalkifyShareExtension.entitlements;
				CODE_SIGN_STYLE = Automatic;
				CURRENT_PROJECT_VERSION = 47;
				DEVELOPMENT_TEAM = NKW67GFDHM;
				GENERATE_INFOPLIST_FILE = NO;
				INFOPLIST_FILE = TalkifyShareExtension/Info.plist;
				IPHONEOS_DEPLOYMENT_TARGET = 18;
				LD_RUNPATH_SEARCH_PATHS = (
					"$(inherited)",
					"@executable_path/Frameworks",
					"@executable_path/../../Frameworks",
				);
				MARKETING_VERSION = 2.0.0;
				PRODUCT_BUNDLE_IDENTIFIER = com.objc.chat.ShareExtension;
				PRODUCT_NAME = "$(TARGET_NAME)";
				SDKROOT = iphoneos;
				SKIP_INSTALL = YES;
				SUPPORTED_PLATFORMS = "iphoneos iphonesimulator";
				SUPPORTS_MACCATALYST = NO;
				SUPPORTS_MAC_DESIGNED_FOR_IPHONE_IPAD = YES;
				SWIFT_EMIT_LOC_STRINGS = YES;
				SWIFT_VERSION = 5.0;
				TARGETED_DEVICE_FAMILY = "1,2";
			};
			name = Debug;
		};
		B20000000000000000000014 /* Release */ = {
			isa = XCBuildConfiguration;
			buildSettings = {
				APPLICATION_EXTENSION_API_ONLY = YES;
				CODE_SIGN_ENTITLEMENTS = TalkifyShareExtension/TalkifyShareExtension.entitlements;
				CODE_SIGN_STYLE = Automatic;
				CURRENT_PROJECT_VERSION = 47;
				DEVELOPMENT_TEAM = NKW67GFDHM;
				GENERATE_INFOPLIST_FILE = NO;
				INFOPLIST_FILE = TalkifyShareExtension/Info.plist;
				IPHONEOS_DEPLOYMENT_TARGET = 18;
				LD_RUNPATH_SEARCH_PATHS = (
					"$(inherited)",
					"@executable_path/Frameworks",
					"@executable_path/../../Frameworks",
				);
				MARKETING_VERSION = 2.0.0;
				PRODUCT_BUNDLE_IDENTIFIER = com.objc.chat.ShareExtension;
				PRODUCT_NAME = "$(TARGET_NAME)";
				SDKROOT = iphoneos;
				SKIP_INSTALL = YES;
				SUPPORTED_PLATFORMS = "iphoneos iphonesimulator";
				SUPPORTS_MACCATALYST = NO;
				SUPPORTS_MAC_DESIGNED_FOR_IPHONE_IPAD = YES;
				SWIFT_EMIT_LOC_STRINGS = YES;
				SWIFT_VERSION = 5.0;
				TARGETED_DEVICE_FAMILY = "1,2";
			};
			name = Release;
		};
		C30000000000000000000010 /* Debug-MacAppStore */ = {
			isa = XCBuildConfiguration;
			buildSettings = {
				DEBUG_INFORMATION_FORMAT = dwarf;
				DEVELOPMENT_TEAM = NKW67GFDHM;
				ENABLE_TESTABILITY = YES;
				ENABLE_USER_SCRIPT_SANDBOXING = YES;
				GCC_OPTIMIZATION_LEVEL = 0;
				GCC_PREPROCESSOR_DEFINITIONS = (
					"DEBUG=1",
					"$(inherited)",
				);
				ONLY_ACTIVE_ARCH = YES;
				SWIFT_ACTIVE_COMPILATION_CONDITIONS = "DEBUG $(inherited)";
				SWIFT_OPTIMIZATION_LEVEL = "-Onone";
			};
			name = "Debug-MacAppStore";
		};
		C30000000000000000000011 /* Release-MacAppStore */ = {
			isa = XCBuildConfiguration;
			buildSettings = {
				DEBUG_INFORMATION_FORMAT = "dwarf-with-dsym";
				DEVELOPMENT_TEAM = NKW67GFDHM;
				ENABLE_NS_ASSERTIONS = NO;
				ENABLE_USER_SCRIPT_SANDBOXING = YES;
				SWIFT_COMPILATION_MODE = wholemodule;
			};
			name = "Release-MacAppStore";
		};
		C30000000000000000000012 /* Debug-MacDirect */ = {
			isa = XCBuildConfiguration;
			buildSettings = {
				DEBUG_INFORMATION_FORMAT = dwarf;
				DEVELOPMENT_TEAM = NKW67GFDHM;
				ENABLE_TESTABILITY = YES;
				ENABLE_USER_SCRIPT_SANDBOXING = YES;
				GCC_OPTIMIZATION_LEVEL = 0;
				GCC_PREPROCESSOR_DEFINITIONS = (
					"DEBUG=1",
					"$(inherited)",
				);
				ONLY_ACTIVE_ARCH = YES;
				SWIFT_ACTIVE_COMPILATION_CONDITIONS = "DEBUG $(inherited)";
				SWIFT_OPTIMIZATION_LEVEL = "-Onone";
			};
			name = "Debug-MacDirect";
		};
		C30000000000000000000013 /* Release-MacDirect */ = {
			isa = XCBuildConfiguration;
			buildSettings = {
				DEBUG_INFORMATION_FORMAT = "dwarf-with-dsym";
				DEVELOPMENT_TEAM = NKW67GFDHM;
				ENABLE_NS_ASSERTIONS = NO;
				ENABLE_USER_SCRIPT_SANDBOXING = YES;
				SWIFT_COMPILATION_MODE = wholemodule;
			};
			name = "Release-MacDirect";
		};
		C30000000000000000000020 /* Debug-MacAppStore */ = {
			isa = XCBuildConfiguration;
			baseConfigurationReference = C30000000000000000000002 /* TalkifyMacAppStore.xcconfig */;
			buildSettings = {
				CURRENT_PROJECT_VERSION = 48;
			};
			name = "Debug-MacAppStore";
		};
		C30000000000000000000021 /* Release-MacAppStore */ = {
			isa = XCBuildConfiguration;
			baseConfigurationReference = C30000000000000000000002 /* TalkifyMacAppStore.xcconfig */;
			buildSettings = {
				CURRENT_PROJECT_VERSION = 48;
			};
			name = "Release-MacAppStore";
		};
		C30000000000000000000022 /* Debug-MacDirect */ = {
			isa = XCBuildConfiguration;
			baseConfigurationReference = C30000000000000000000003 /* TalkifyMacDirect.xcconfig */;
			buildSettings = {
				CURRENT_PROJECT_VERSION = 48;
			};
			name = "Debug-MacDirect";
		};
		C30000000000000000000023 /* Release-MacDirect */ = {
			isa = XCBuildConfiguration;
			baseConfigurationReference = C30000000000000000000003 /* TalkifyMacDirect.xcconfig */;
			buildSettings = {
				CURRENT_PROJECT_VERSION = 48;
			};
			name = "Release-MacDirect";
		};
		D057EB3830190DF800CBD707 /* Debug-MacAppStore */ = {
			isa = XCBuildConfiguration;
			buildSettings = {
				PRODUCT_NAME = TalkifyTests;
			};
			name = "Debug-MacAppStore";
		};
		D057EB3930190DF800CBD707 /* Release-MacAppStore */ = {
			isa = XCBuildConfiguration;
			buildSettings = {
				PRODUCT_NAME = TalkifyTests;
			};
			name = "Release-MacAppStore";
		};
		D057EB3A30190DF800CBD707 /* Debug-MacDirect */ = {
			isa = XCBuildConfiguration;
			buildSettings = {
				PRODUCT_NAME = TalkifyTests;
			};
			name = "Debug-MacDirect";
		};
		D057EB3B30190DF800CBD707 /* Release-MacDirect */ = {
			isa = XCBuildConfiguration;
			buildSettings = {
				PRODUCT_NAME = TalkifyTests;
			};
			name = "Release-MacDirect";
		};
		D057EB3C30190DF800CBD707 /* Debug-MacAppStore */ = {
			isa = XCBuildConfiguration;
			buildSettings = {
				PRODUCT_NAME = TalkifyShareExtension;
			};
			name = "Debug-MacAppStore";
		};
		D057EB3D30190DF800CBD707 /* Release-MacAppStore */ = {
			isa = XCBuildConfiguration;
			buildSettings = {
				PRODUCT_NAME = TalkifyShareExtension;
			};
			name = "Release-MacAppStore";
		};
		D057EB3E30190DF800CBD707 /* Debug-MacDirect */ = {
			isa = XCBuildConfiguration;
			buildSettings = {
				PRODUCT_NAME = TalkifyShareExtension;
			};
			name = "Debug-MacDirect";
		};
		D057EB3F30190DF800CBD707 /* Release-MacDirect */ = {
			isa = XCBuildConfiguration;
			buildSettings = {
				PRODUCT_NAME = TalkifyShareExtension;
			};
			name = "Release-MacDirect";
		};
		D0962012300B17270005EBC6 /* Debug */ = {
			isa = XCBuildConfiguration;
			buildSettings = {
				ALWAYS_SEARCH_USER_PATHS = NO;
				ASSETCATALOG_COMPILER_GENERATE_SWIFT_ASSET_SYMBOL_EXTENSIONS = YES;
				CLANG_ANALYZER_NONNULL = YES;
				CLANG_ANALYZER_NUMBER_OBJECT_CONVERSION = YES_AGGRESSIVE;
				CLANG_CXX_LANGUAGE_STANDARD = "gnu++20";
				CLANG_ENABLE_MODULES = YES;
				CLANG_ENABLE_OBJC_ARC = YES;
				CLANG_ENABLE_OBJC_WEAK = YES;
				CLANG_WARN_BLOCK_CAPTURE_AUTORELEASING = YES;
				CLANG_WARN_BOOL_CONVERSION = YES;
				CLANG_WARN_COMMA = YES;
				CLANG_WARN_CONSTANT_CONVERSION = YES;
				CLANG_WARN_DEPRECATED_OBJC_IMPLEMENTATIONS = YES;
				CLANG_WARN_DIRECT_OBJC_ISA_USAGE = YES_ERROR;
				CLANG_WARN_DOCUMENTATION_COMMENTS = YES;
				CLANG_WARN_EMPTY_BODY = YES;
				CLANG_WARN_ENUM_CONVERSION = YES;
				CLANG_WARN_INFINITE_RECURSION = YES;
				CLANG_WARN_INT_CONVERSION = YES;
				CLANG_WARN_NON_LITERAL_NULL_CONVERSION = YES;
				CLANG_WARN_OBJC_IMPLICIT_RETAIN_SELF = YES;
				CLANG_WARN_OBJC_LITERAL_CONVERSION = YES;
				CLANG_WARN_OBJC_ROOT_CLASS = YES_ERROR;
				CLANG_WARN_QUOTED_INCLUDE_IN_FRAMEWORK_HEADER = YES;
				CLANG_WARN_RANGE_LOOP_ANALYSIS = YES;
				CLANG_WARN_STRICT_PROTOTYPES = YES;
				CLANG_WARN_SUSPICIOUS_MOVE = YES;
				CLANG_WARN_UNGUARDED_AVAILABILITY = YES_AGGRESSIVE;
				CLANG_WARN_UNREACHABLE_CODE = YES;
				CLANG_WARN__DUPLICATE_METHOD_MATCH = YES;
				COPY_PHASE_STRIP = NO;
				DEBUG_INFORMATION_FORMAT = dwarf;
				DEVELOPMENT_TEAM = NKW67GFDHM;
				ENABLE_STRICT_OBJC_MSGSEND = YES;
				ENABLE_TESTABILITY = YES;
				ENABLE_USER_SCRIPT_SANDBOXING = YES;
				GCC_C_LANGUAGE_STANDARD = gnu17;
				GCC_DYNAMIC_NO_PIC = NO;
				GCC_NO_COMMON_BLOCKS = YES;
				GCC_OPTIMIZATION_LEVEL = 0;
				GCC_PREPROCESSOR_DEFINITIONS = (
					"DEBUG=1",
					"$(inherited)",
				);
				GCC_WARN_64_TO_32_BIT_CONVERSION = YES;
				GCC_WARN_ABOUT_RETURN_TYPE = YES_ERROR;
				GCC_WARN_UNDECLARED_SELECTOR = YES;
				GCC_WARN_UNINITIALIZED_AUTOS = YES_AGGRESSIVE;
				GCC_WARN_UNUSED_FUNCTION = YES;
				GCC_WARN_UNUSED_VARIABLE = YES;
				LOCALIZATION_PREFERS_STRING_CATALOGS = YES;
				MTL_ENABLE_DEBUG_INFO = INCLUDE_SOURCE;
				MTL_FAST_MATH = YES;
				ONLY_ACTIVE_ARCH = YES;
				SWIFT_ACTIVE_COMPILATION_CONDITIONS = "DEBUG $(inherited)";
				SWIFT_OPTIMIZATION_LEVEL = "-Onone";
			};
			name = Debug;
		};
		D0962013300B17270005EBC6 /* Release */ = {
			isa = XCBuildConfiguration;
			buildSettings = {
				ALWAYS_SEARCH_USER_PATHS = NO;
				ASSETCATALOG_COMPILER_GENERATE_SWIFT_ASSET_SYMBOL_EXTENSIONS = YES;
				CLANG_ANALYZER_NONNULL = YES;
				CLANG_ANALYZER_NUMBER_OBJECT_CONVERSION = YES_AGGRESSIVE;
				CLANG_CXX_LANGUAGE_STANDARD = "gnu++20";
				CLANG_ENABLE_MODULES = YES;
				CLANG_ENABLE_OBJC_ARC = YES;
				CLANG_ENABLE_OBJC_WEAK = YES;
				CLANG_WARN_BLOCK_CAPTURE_AUTORELEASING = YES;
				CLANG_WARN_BOOL_CONVERSION = YES;
				CLANG_WARN_COMMA = YES;
				CLANG_WARN_CONSTANT_CONVERSION = YES;
				CLANG_WARN_DEPRECATED_OBJC_IMPLEMENTATIONS = YES;
				CLANG_WARN_DIRECT_OBJC_ISA_USAGE = YES_ERROR;
				CLANG_WARN_DOCUMENTATION_COMMENTS = YES;
				CLANG_WARN_EMPTY_BODY = YES;
				CLANG_WARN_ENUM_CONVERSION = YES;
				CLANG_WARN_INFINITE_RECURSION = YES;
				CLANG_WARN_INT_CONVERSION = YES;
				CLANG_WARN_NON_LITERAL_NULL_CONVERSION = YES;
				CLANG_WARN_OBJC_IMPLICIT_RETAIN_SELF = YES;
				CLANG_WARN_OBJC_LITERAL_CONVERSION = YES;
				CLANG_WARN_OBJC_ROOT_CLASS = YES_ERROR;
				CLANG_WARN_QUOTED_INCLUDE_IN_FRAMEWORK_HEADER = YES;
				CLANG_WARN_RANGE_LOOP_ANALYSIS = YES;
				CLANG_WARN_STRICT_PROTOTYPES = YES;
				CLANG_WARN_SUSPICIOUS_MOVE = YES;
				CLANG_WARN_UNGUARDED_AVAILABILITY = YES_AGGRESSIVE;
				CLANG_WARN_UNREACHABLE_CODE = YES;
				CLANG_WARN__DUPLICATE_METHOD_MATCH = YES;
				COPY_PHASE_STRIP = NO;
				DEBUG_INFORMATION_FORMAT = "dwarf-with-dsym";
				DEVELOPMENT_TEAM = NKW67GFDHM;
				ENABLE_NS_ASSERTIONS = NO;
				ENABLE_STRICT_OBJC_MSGSEND = YES;
				ENABLE_USER_SCRIPT_SANDBOXING = YES;
				GCC_C_LANGUAGE_STANDARD = gnu17;
				GCC_NO_COMMON_BLOCKS = YES;
				GCC_WARN_64_TO_32_BIT_CONVERSION = YES;
				GCC_WARN_ABOUT_RETURN_TYPE = YES_ERROR;
				GCC_WARN_UNDECLARED_SELECTOR = YES;
				GCC_WARN_UNINITIALIZED_AUTOS = YES_AGGRESSIVE;
				GCC_WARN_UNUSED_FUNCTION = YES;
				GCC_WARN_UNUSED_VARIABLE = YES;
				LOCALIZATION_PREFERS_STRING_CATALOGS = YES;
				MTL_ENABLE_DEBUG_INFO = NO;
				MTL_FAST_MATH = YES;
				SWIFT_COMPILATION_MODE = wholemodule;
			};
			name = Release;
		};
		D0962015300B17270005EBC6 /* Debug */ = {
			isa = XCBuildConfiguration;
			buildSettings = {
				ASSETCATALOG_COMPILER_APPICON_NAME = AppIcon;
				ASSETCATALOG_COMPILER_GLOBAL_ACCENT_COLOR_NAME = AccentColor;
				ASSETCATALOG_COMPILER_INCLUDE_ALL_APPICON_ASSETS = NO;
				CODE_SIGN_ENTITLEMENTS = Talkify/Talkify.entitlements;
				CODE_SIGN_STYLE = Automatic;
				CURRENT_PROJECT_VERSION = 48;
				DEVELOPMENT_TEAM = NKW67GFDHM;
				ENABLE_APP_SANDBOX = YES;
				"ENABLE_APP_SANDBOX[sdk=macosx*]" = NO;
				ENABLE_HARDENED_RUNTIME = YES;
				ENABLE_PREVIEWS = YES;
				ENABLE_USER_SELECTED_FILES = readwrite;
				GENERATE_INFOPLIST_FILE = NO;
				INFOPLIST_FILE = "Talkify-Info.plist";
				INFOPLIST_KEY_CFBundleDisplayName = Talkify;
				INFOPLIST_KEY_LSApplicationCategoryType = "public.app-category.developer-tools";
				"INFOPLIST_KEY_UIApplicationSceneManifest_Generation[sdk=iphoneos*]" = YES;
				"INFOPLIST_KEY_UIApplicationSceneManifest_Generation[sdk=iphonesimulator*]" = YES;
				"INFOPLIST_KEY_UIApplicationSupportsIndirectInputEvents[sdk=iphoneos*]" = YES;
				"INFOPLIST_KEY_UIApplicationSupportsIndirectInputEvents[sdk=iphonesimulator*]" = YES;
				"INFOPLIST_KEY_UILaunchScreen_Generation[sdk=iphoneos*]" = YES;
				"INFOPLIST_KEY_UILaunchScreen_Generation[sdk=iphonesimulator*]" = YES;
				"INFOPLIST_KEY_UIStatusBarStyle[sdk=iphoneos*]" = UIStatusBarStyleDefault;
				"INFOPLIST_KEY_UIStatusBarStyle[sdk=iphonesimulator*]" = UIStatusBarStyleDefault;
				INFOPLIST_KEY_UISupportedInterfaceOrientations_iPad = "UIInterfaceOrientationPortrait UIInterfaceOrientationPortraitUpsideDown UIInterfaceOrientationLandscapeLeft UIInterfaceOrientationLandscapeRight";
				INFOPLIST_KEY_UISupportedInterfaceOrientations_iPhone = "UIInterfaceOrientationPortrait UIInterfaceOrientationLandscapeLeft UIInterfaceOrientationLandscapeRight";
				IPHONEOS_DEPLOYMENT_TARGET = 18;
				LD_RUNPATH_SEARCH_PATHS = "@executable_path/Frameworks";
				"LD_RUNPATH_SEARCH_PATHS[sdk=macosx*]" = "@executable_path/../Frameworks";
				MACOSX_DEPLOYMENT_TARGET = 15;
				MARKETING_VERSION = 2.0.0;
				PRODUCT_BUNDLE_IDENTIFIER = com.objc.chat;
				PRODUCT_NAME = "$(TARGET_NAME)";
				REGISTER_APP_GROUPS = YES;
				SDKROOT = auto;
				STRING_CATALOG_GENERATE_SYMBOLS = YES;
				SUPPORTED_PLATFORMS = "iphoneos iphonesimulator macosx xros xrsimulator";
				SUPPORTS_MACCATALYST = NO;
				SWIFT_APPROACHABLE_CONCURRENCY = YES;
				SWIFT_EMIT_LOC_STRINGS = YES;
				SWIFT_UPCOMING_FEATURE_MEMBER_IMPORT_VISIBILITY = YES;
				SWIFT_VERSION = 5.0;
				TARGETED_DEVICE_FAMILY = "1,2,7";
				XROS_DEPLOYMENT_TARGET = 26.0;
			};
			name = Debug;
		};
		D0962016300B17270005EBC6 /* Release */ = {
			isa = XCBuildConfiguration;
			buildSettings = {
				ASSETCATALOG_COMPILER_APPICON_NAME = AppIcon;
				ASSETCATALOG_COMPILER_GLOBAL_ACCENT_COLOR_NAME = AccentColor;
				ASSETCATALOG_COMPILER_INCLUDE_ALL_APPICON_ASSETS = NO;
				CODE_SIGN_ENTITLEMENTS = Talkify/Talkify.entitlements;
				CODE_SIGN_STYLE = Automatic;
				CURRENT_PROJECT_VERSION = 48;
				DEVELOPMENT_TEAM = NKW67GFDHM;
				ENABLE_APP_SANDBOX = YES;
				"ENABLE_APP_SANDBOX[sdk=macosx*]" = NO;
				ENABLE_HARDENED_RUNTIME = YES;
				ENABLE_PREVIEWS = YES;
				ENABLE_USER_SELECTED_FILES = readwrite;
				GENERATE_INFOPLIST_FILE = NO;
				INFOPLIST_FILE = "Talkify-Info.plist";
				INFOPLIST_KEY_CFBundleDisplayName = Talkify;
				INFOPLIST_KEY_LSApplicationCategoryType = "public.app-category.developer-tools";
				"INFOPLIST_KEY_UIApplicationSceneManifest_Generation[sdk=iphoneos*]" = YES;
				"INFOPLIST_KEY_UIApplicationSceneManifest_Generation[sdk=iphonesimulator*]" = YES;
				"INFOPLIST_KEY_UIApplicationSupportsIndirectInputEvents[sdk=iphoneos*]" = YES;
				"INFOPLIST_KEY_UIApplicationSupportsIndirectInputEvents[sdk=iphonesimulator*]" = YES;
				"INFOPLIST_KEY_UILaunchScreen_Generation[sdk=iphoneos*]" = YES;
				"INFOPLIST_KEY_UILaunchScreen_Generation[sdk=iphonesimulator*]" = YES;
				"INFOPLIST_KEY_UIStatusBarStyle[sdk=iphoneos*]" = UIStatusBarStyleDefault;
				"INFOPLIST_KEY_UIStatusBarStyle[sdk=iphonesimulator*]" = UIStatusBarStyleDefault;
				INFOPLIST_KEY_UISupportedInterfaceOrientations_iPad = "UIInterfaceOrientationPortrait UIInterfaceOrientationPortraitUpsideDown UIInterfaceOrientationLandscapeLeft UIInterfaceOrientationLandscapeRight";
				INFOPLIST_KEY_UISupportedInterfaceOrientations_iPhone = "UIInterfaceOrientationPortrait UIInterfaceOrientationLandscapeLeft UIInterfaceOrientationLandscapeRight";
				IPHONEOS_DEPLOYMENT_TARGET = 18;
				LD_RUNPATH_SEARCH_PATHS = "@executable_path/Frameworks";
				"LD_RUNPATH_SEARCH_PATHS[sdk=macosx*]" = "@executable_path/../Frameworks";
				MACOSX_DEPLOYMENT_TARGET = 15;
				MARKETING_VERSION = 2.0.0;
				PRODUCT_BUNDLE_IDENTIFIER = com.objc.chat;
				PRODUCT_NAME = "$(TARGET_NAME)";
				REGISTER_APP_GROUPS = YES;
				SDKROOT = auto;
				STRING_CATALOG_GENERATE_SYMBOLS = YES;
				SUPPORTED_PLATFORMS = "iphoneos iphonesimulator macosx xros xrsimulator";
				SUPPORTS_MACCATALYST = NO;
				SWIFT_APPROACHABLE_CONCURRENCY = YES;
				SWIFT_EMIT_LOC_STRINGS = YES;
				SWIFT_UPCOMING_FEATURE_MEMBER_IMPORT_VISIBILITY = YES;
				SWIFT_VERSION = 5.0;
				TARGETED_DEVICE_FAMILY = "1,2,7";
				XROS_DEPLOYMENT_TARGET = 26.0;
			};
			name = Release;
		};
/* End XCBuildConfiguration section */

/* Begin XCConfigurationList section */
		A10000000000000000000009 /* Build configuration list for PBXNativeTarget "TalkifyTests" */ = {
			isa = XCConfigurationList;
			buildConfigurations = (
				A1000000000000000000000D /* Debug */,
				A1000000000000000000000E /* Release */,
				D057EB3830190DF800CBD707 /* Debug-MacAppStore */,
				D057EB3930190DF800CBD707 /* Release-MacAppStore */,
				D057EB3A30190DF800CBD707 /* Debug-MacDirect */,
				D057EB3B30190DF800CBD707 /* Release-MacDirect */,
			);
			defaultConfigurationIsVisible = 0;
			defaultConfigurationName = Release;
		};
		B20000000000000000000011 /* Build configuration list for PBXNativeTarget "TalkifyShareExtension" */ = {
			isa = XCConfigurationList;
			buildConfigurations = (
				B20000000000000000000013 /* Debug */,
				B20000000000000000000014 /* Release */,
				D057EB3C30190DF800CBD707 /* Debug-MacAppStore */,
				D057EB3D30190DF800CBD707 /* Release-MacAppStore */,
				D057EB3E30190DF800CBD707 /* Debug-MacDirect */,
				D057EB3F30190DF800CBD707 /* Release-MacDirect */,
			);
			defaultConfigurationIsVisible = 0;
			defaultConfigurationName = Release;
		};
		D0962004300B17250005EBC6 /* Build configuration list for PBXProject "Talkify" */ = {
			isa = XCConfigurationList;
			buildConfigurations = (
				D0962012300B17270005EBC6 /* Debug */,
				D0962013300B17270005EBC6 /* Release */,
				C30000000000000000000010 /* Debug-MacAppStore */,
				C30000000000000000000011 /* Release-MacAppStore */,
				C30000000000000000000012 /* Debug-MacDirect */,
				C30000000000000000000013 /* Release-MacDirect */,
			);
			defaultConfigurationIsVisible = 0;
			defaultConfigurationName = Release;
		};
		D0962014300B17270005EBC6 /* Build configuration list for PBXNativeTarget "Talkify" */ = {
			isa = XCConfigurationList;
			buildConfigurations = (
				D0962015300B17270005EBC6 /* Debug */,
				D0962016300B17270005EBC6 /* Release */,
				C30000000000000000000020 /* Debug-MacAppStore */,
				C30000000000000000000021 /* Release-MacAppStore */,
				C30000000000000000000022 /* Debug-MacDirect */,
				C30000000000000000000023 /* Release-MacDirect */,
			);
			defaultConfigurationIsVisible = 0;
			defaultConfigurationName = Release;
		};
/* End XCConfigurationList section */

/* Begin XCLocalSwiftPackageReference section */
		D0935521300EEF17006C3962 /* XCLocalSwiftPackageReference "../ClientToolsKit" */ = {
			isa = XCLocalSwiftPackageReference;
			relativePath = ../ClientToolsKit;
		};
		D093553C300F63FC006C3962 /* XCLocalSwiftPackageReference "../FileViewerKit" */ = {
			isa = XCLocalSwiftPackageReference;
			relativePath = ../FileViewerKit;
		};
		D096205C300B19610005EBC6 /* XCLocalSwiftPackageReference "Packages/CoreKit" */ = {
			isa = XCLocalSwiftPackageReference;
			relativePath = Packages/CoreKit;
		};
		D096205F300B19920005EBC6 /* XCLocalSwiftPackageReference "Packages/FeatureAuth" */ = {
			isa = XCLocalSwiftPackageReference;
			relativePath = Packages/FeatureAuth;
		};
		D0962062300B1D160005EBC6 /* XCLocalSwiftPackageReference "../AgentKit" */ = {
			isa = XCLocalSwiftPackageReference;
			relativePath = ../AgentKit;
		};
		D0F9C21D3014645F00DD5013 /* XCLocalSwiftPackageReference "Packages/DesignKit" */ = {
			isa = XCLocalSwiftPackageReference;
			relativePath = Packages/DesignKit;
		};
/* End XCLocalSwiftPackageReference section */

/* Begin XCSwiftPackageProductDependency section */
		D0935523300EEFCF006C3962 /* ClientToolsKit */ = {
			isa = XCSwiftPackageProductDependency;
			package = D0935521300EEF17006C3962 /* XCLocalSwiftPackageReference "../ClientToolsKit" */;
			productName = ClientToolsKit;
		};
		D0935659300F7080006C3962 /* FileViewerKit */ = {
			isa = XCSwiftPackageProductDependency;
			package = D093553C300F63FC006C3962 /* XCLocalSwiftPackageReference "../FileViewerKit" */;
			productName = FileViewerKit;
		};
		D096205D300B19610005EBC6 /* CoreKit */ = {
			isa = XCSwiftPackageProductDependency;
			productName = CoreKit;
		};
		D0962060300B19920005EBC6 /* FeatureAuth */ = {
			isa = XCSwiftPackageProductDependency;
			productName = FeatureAuth;
		};
		D0962064300B1D160005EBC6 /* AgentKit */ = {
			isa = XCSwiftPackageProductDependency;
			package = D0962062300B1D160005EBC6 /* XCLocalSwiftPackageReference "../AgentKit" */;
			productName = AgentKit;
		};
		D0F9C21E3014645F00DD5013 /* DesignKit */ = {
			isa = XCSwiftPackageProductDependency;
			package = D0F9C21D3014645F00DD5013 /* XCLocalSwiftPackageReference "Packages/DesignKit" */;
			productName = DesignKit;
		};
/* End XCSwiftPackageProductDependency section */
	};
	rootObject = D0962001300B17250005EBC6 /* Project object */;
}
