// !$*UTF8*$!
{
	archiveVersion = 1;
	classes = {
	};
	objectVersion = 50;
	objects = {

/* Begin PBXBuildFile section */
		D08C435B2591CAAD00D9EC5D /* AppDelegate.swift in Sources */ = {isa = PBXBuildFile; fileRef = D08C435A2591CAAD00D9EC5D /* AppDelegate.swift */; };
		D08C435F2591CAAE00D9EC5D /* Assets.xcassets in Resources */ = {isa = PBXBuildFile; fileRef = D08C435E2591CAAE00D9EC5D /* Assets.xcassets */; };
		D08C43622591CAAE00D9EC5D /* Preview Assets.xcassets in Resources */ = {isa = PBXBuildFile; fileRef = D08C43612591CAAE00D9EC5D /* Preview Assets.xcassets */; };
		D08C43652591CAAE00D9EC5D /* Main.storyboard in Resources */ = {isa = PBXBuildFile; fileRef = D08C43632591CAAE00D9EC5D /* Main.storyboard */; };
		D08C43722591D1A900D9EC5D /* UserDefaultsPropertyWrapper.swift in Sources */ = {isa = PBXBuildFile; fileRef = D08C43712591D1A900D9EC5D /* UserDefaultsPropertyWrapper.swift */; };
		D08C43762591D44000D9EC5D /* Prefs.swift in Sources */ = {isa = PBXBuildFile; fileRef = D08C43752591D44000D9EC5D /* Prefs.swift */; };
		D08C43792591D54F00D9EC5D /* NSWindow+Utils.swift in Sources */ = {isa = PBXBuildFile; fileRef = D08C43782591D54F00D9EC5D /* NSWindow+Utils.swift */; };
		D08C437C2591D6C700D9EC5D /* PrefsView.swift in Sources */ = {isa = PBXBuildFile; fileRef = D08C437B2591D6C700D9EC5D /* PrefsView.swift */; };
		D08C43CD2591F87900D9EC5D /* DetailView.swift in Sources */ = {isa = PBXBuildFile; fileRef = D08C43CC2591F87900D9EC5D /* DetailView.swift */; };
		D08C43D92592E77D00D9EC5D /* LoginView.swift in Sources */ = {isa = PBXBuildFile; fileRef = D08C43D82592E77D00D9EC5D /* LoginView.swift */; };
		D08C43E12592F60300D9EC5D /* Models.swift in Sources */ = {isa = PBXBuildFile; fileRef = D08C43DE2592F60300D9EC5D /* Models.swift */; };
		D08C43E22592F60300D9EC5D /* ContentView.swift in Sources */ = {isa = PBXBuildFile; fileRef = D08C43E02592F60300D9EC5D /* ContentView.swift */; };
		D08C43EA25930E6100D9EC5D /* PersonalCenterView.swift in Sources */ = {isa = PBXBuildFile; fileRef = D08C43E925930E6100D9EC5D /* PersonalCenterView.swift */; };
		D08C43FE2593211400D9EC5D /* SettingViewController.swift in Sources */ = {isa = PBXBuildFile; fileRef = D08C43F12593211400D9EC5D /* SettingViewController.swift */; };
		D08C43FF2593211400D9EC5D /* ViewController.swift in Sources */ = {isa = PBXBuildFile; fileRef = D08C43F22593211400D9EC5D /* ViewController.swift */; };
		D08C44002593211400D9EC5D /* LoginUserItem.xib in Resources */ = {isa = PBXBuildFile; fileRef = D08C43F42593211400D9EC5D /* LoginUserItem.xib */; };
		D08C44012593211400D9EC5D /* LoginUserItem.swift in Sources */ = {isa = PBXBuildFile; fileRef = D08C43F52593211400D9EC5D /* LoginUserItem.swift */; };
		D08C44022593211400D9EC5D /* LoginImageButton.swift in Sources */ = {isa = PBXBuildFile; fileRef = D08C43F62593211400D9EC5D /* LoginImageButton.swift */; };
		D08C44032593211400D9EC5D /* StatusButton.swift in Sources */ = {isa = PBXBuildFile; fileRef = D08C43F72593211400D9EC5D /* StatusButton.swift */; };
		D08C44042593211400D9EC5D /* LoginAccountTextField.swift in Sources */ = {isa = PBXBuildFile; fileRef = D08C43F82593211400D9EC5D /* LoginAccountTextField.swift */; };
		D08C44052593211400D9EC5D /* LoginPasswordTextField.swift in Sources */ = {isa = PBXBuildFile; fileRef = D08C43F92593211400D9EC5D /* LoginPasswordTextField.swift */; };
		D08C44062593211400D9EC5D /* LoginWindowController.swift in Sources */ = {isa = PBXBuildFile; fileRef = D08C43FB2593211400D9EC5D /* LoginWindowController.swift */; };
		D08C44072593211400D9EC5D /* LoginUserItemModel.swift in Sources */ = {isa = PBXBuildFile; fileRef = D08C43FD2593211400D9EC5D /* LoginUserItemModel.swift */; };
		D08C440A2593289000D9EC5D /* LoginHostingController.swift in Sources */ = {isa = PBXBuildFile; fileRef = D08C44092593289000D9EC5D /* LoginHostingController.swift */; };
		D08C440D259332B600D9EC5D /* LoginWindowController.storyboard in Resources */ = {isa = PBXBuildFile; fileRef = D08C440C259332B600D9EC5D /* LoginWindowController.storyboard */; };
/* End PBXBuildFile section */

/* Begin PBXFileReference section */
		D08C43572591CAAD00D9EC5D /* MacApp.app */ = {isa = PBXFileReference; explicitFileType = wrapper.application; includeInIndex = 0; path = MacApp.app; sourceTree = BUILT_PRODUCTS_DIR; };
		D08C435A2591CAAD00D9EC5D /* AppDelegate.swift */ = {isa = PBXFileReference; lastKnownFileType = sourcecode.swift; path = AppDelegate.swift; sourceTree = "<group>"; };
		D08C435E2591CAAE00D9EC5D /* Assets.xcassets */ = {isa = PBXFileReference; lastKnownFileType = folder.assetcatalog; path = Assets.xcassets; sourceTree = "<group>"; };
		D08C43612591CAAE00D9EC5D /* Preview Assets.xcassets */ = {isa = PBXFileReference; lastKnownFileType = folder.assetcatalog; path = "Preview Assets.xcassets"; sourceTree = "<group>"; };
		D08C43642591CAAE00D9EC5D /* Base */ = {isa = PBXFileReference; lastKnownFileType = file.storyboard; name = Base; path = Base.lproj/Main.storyboard; sourceTree = "<group>"; };
		D08C43662591CAAE00D9EC5D /* Info.plist */ = {isa = PBXFileReference; lastKnownFileType = text.plist.xml; path = Info.plist; sourceTree = "<group>"; };
		D08C43672591CAAE00D9EC5D /* MacApp.entitlements */ = {isa = PBXFileReference; lastKnownFileType = text.plist.entitlements; path = MacApp.entitlements; sourceTree = "<group>"; };
		D08C43712591D1A900D9EC5D /* UserDefaultsPropertyWrapper.swift */ = {isa = PBXFileReference; lastKnownFileType = sourcecode.swift; path = UserDefaultsPropertyWrapper.swift; sourceTree = "<group>"; };
		D08C43752591D44000D9EC5D /* Prefs.swift */ = {isa = PBXFileReference; lastKnownFileType = sourcecode.swift; path = Prefs.swift; sourceTree = "<group>"; };
		D08C43782591D54F00D9EC5D /* NSWindow+Utils.swift */ = {isa = PBXFileReference; lastKnownFileType = sourcecode.swift; path = "NSWindow+Utils.swift"; sourceTree = "<group>"; };
		D08C437B2591D6C700D9EC5D /* PrefsView.swift */ = {isa = PBXFileReference; lastKnownFileType = sourcecode.swift; path = PrefsView.swift; sourceTree = "<group>"; };
		D08C43CC2591F87900D9EC5D /* DetailView.swift */ = {isa = PBXFileReference; lastKnownFileType = sourcecode.swift; path = DetailView.swift; sourceTree = "<group>"; };
		D08C43D82592E77D00D9EC5D /* LoginView.swift */ = {isa = PBXFileReference; lastKnownFileType = sourcecode.swift; path = LoginView.swift; sourceTree = "<group>"; };
		D08C43DE2592F60300D9EC5D /* Models.swift */ = {isa = PBXFileReference; fileEncoding = 4; lastKnownFileType = sourcecode.swift; path = Models.swift; sourceTree = "<group>"; };
		D08C43E02592F60300D9EC5D /* ContentView.swift */ = {isa = PBXFileReference; fileEncoding = 4; lastKnownFileType = sourcecode.swift; path = ContentView.swift; sourceTree = "<group>"; };
		D08C43E925930E6100D9EC5D /* PersonalCenterView.swift */ = {isa = PBXFileReference; lastKnownFileType = sourcecode.swift; path = PersonalCenterView.swift; sourceTree = "<group>"; };
		D08C43F12593211400D9EC5D /* SettingViewController.swift */ = {isa = PBXFileReference; fileEncoding = 4; lastKnownFileType = sourcecode.swift; path = SettingViewController.swift; sourceTree = "<group>"; };
		D08C43F22593211400D9EC5D /* ViewController.swift */ = {isa = PBXFileReference; fileEncoding = 4; lastKnownFileType = sourcecode.swift; path = ViewController.swift; sourceTree = "<group>"; };
		D08C43F42593211400D9EC5D /* LoginUserItem.xib */ = {isa = PBXFileReference; fileEncoding = 4; lastKnownFileType = file.xib; path = LoginUserItem.xib; sourceTree = "<group>"; };
		D08C43F52593211400D9EC5D /* LoginUserItem.swift */ = {isa = PBXFileReference; fileEncoding = 4; lastKnownFileType = sourcecode.swift; path = LoginUserItem.swift; sourceTree = "<group>"; };
		D08C43F62593211400D9EC5D /* LoginImageButton.swift */ = {isa = PBXFileReference; fileEncoding = 4; lastKnownFileType = sourcecode.swift; path = LoginImageButton.swift; sourceTree = "<group>"; };
		D08C43F72593211400D9EC5D /* StatusButton.swift */ = {isa = PBXFileReference; fileEncoding = 4; lastKnownFileType = sourcecode.swift; path = StatusButton.swift; sourceTree = "<group>"; };
		D08C43F82593211400D9EC5D /* LoginAccountTextField.swift */ = {isa = PBXFileReference; fileEncoding = 4; lastKnownFileType = sourcecode.swift; path = LoginAccountTextField.swift; sourceTree = "<group>"; };
		D08C43F92593211400D9EC5D /* LoginPasswordTextField.swift */ = {isa = PBXFileReference; fileEncoding = 4; lastKnownFileType = sourcecode.swift; path = LoginPasswordTextField.swift; sourceTree = "<group>"; };
		D08C43FB2593211400D9EC5D /* LoginWindowController.swift */ = {isa = PBXFileReference; fileEncoding = 4; lastKnownFileType = sourcecode.swift; path = LoginWindowController.swift; sourceTree = "<group>"; };
		D08C43FD2593211400D9EC5D /* LoginUserItemModel.swift */ = {isa = PBXFileReference; fileEncoding = 4; lastKnownFileType = sourcecode.swift; path = LoginUserItemModel.swift; sourceTree = "<group>"; };
		D08C44092593289000D9EC5D /* LoginHostingController.swift */ = {isa = PBXFileReference; lastKnownFileType = sourcecode.swift; path = LoginHostingController.swift; sourceTree = "<group>"; };
		D08C440C259332B600D9EC5D /* LoginWindowController.storyboard */ = {isa = PBXFileReference; lastKnownFileType = file.storyboard; path = LoginWindowController.storyboard; sourceTree = "<group>"; };
/* End PBXFileReference section */

/* Begin PBXFrameworksBuildPhase section */
		D08C43542591CAAD00D9EC5D /* Frameworks */ = {
			isa = PBXFrameworksBuildPhase;
			buildActionMask = 2147483647;
			files = (
			);
			runOnlyForDeploymentPostprocessing = 0;
		};
/* End PBXFrameworksBuildPhase section */

/* Begin PBXGroup section */
		D08C434E2591CAAD00D9EC5D = {
			isa = PBXGroup;
			children = (
				D08C43592591CAAD00D9EC5D /* MacApp */,
				D08C43582591CAAD00D9EC5D /* Products */,
			);
			sourceTree = "<group>";
		};
		D08C43582591CAAD00D9EC5D /* Products */ = {
			isa = PBXGroup;
			children = (
				D08C43572591CAAD00D9EC5D /* MacApp.app */,
			);
			name = Products;
			sourceTree = "<group>";
		};
		D08C43592591CAAD00D9EC5D /* MacApp */ = {
			isa = PBXGroup;
			children = (
				D08C43DC2592F60300D9EC5D /* Main */,
				D08C43D02592045D00D9EC5D /* Login */,
				D08C43CB2591F85500D9EC5D /* Detail */,
				D08C43702591D19F00D9EC5D /* Perfs */,
				D08C435A2591CAAD00D9EC5D /* AppDelegate.swift */,
				D08C435E2591CAAE00D9EC5D /* Assets.xcassets */,
				D08C43632591CAAE00D9EC5D /* Main.storyboard */,
				D08C43662591CAAE00D9EC5D /* Info.plist */,
				D08C43672591CAAE00D9EC5D /* MacApp.entitlements */,
				D08C43602591CAAE00D9EC5D /* Preview Content */,
			);
			path = MacApp;
			sourceTree = "<group>";
		};
		D08C43602591CAAE00D9EC5D /* Preview Content */ = {
			isa = PBXGroup;
			children = (
				D08C43612591CAAE00D9EC5D /* Preview Assets.xcassets */,
			);
			path = "Preview Content";
			sourceTree = "<group>";
		};
		D08C43702591D19F00D9EC5D /* Perfs */ = {
			isa = PBXGroup;
			children = (
				D08C43712591D1A900D9EC5D /* UserDefaultsPropertyWrapper.swift */,
				D08C43752591D44000D9EC5D /* Prefs.swift */,
				D08C43782591D54F00D9EC5D /* NSWindow+Utils.swift */,
				D08C437B2591D6C700D9EC5D /* PrefsView.swift */,
			);
			path = Perfs;
			sourceTree = "<group>";
		};
		D08C43CB2591F85500D9EC5D /* Detail */ = {
			isa = PBXGroup;
			children = (
				D08C43CC2591F87900D9EC5D /* DetailView.swift */,
			);
			path = Detail;
			sourceTree = "<group>";
		};
		D08C43D02592045D00D9EC5D /* Login */ = {
			isa = PBXGroup;
			children = (
				D08C43FC2593211400D9EC5D /* Models */,
				D08C43F02593211400D9EC5D /* ViewControllers */,
				D08C43F32593211400D9EC5D /* Views */,
				D08C43FA2593211400D9EC5D /* WindowControllers */,
				D08C43D82592E77D00D9EC5D /* LoginView.swift */,
			);
			path = Login;
			sourceTree = "<group>";
		};
		D08C43DC2592F60300D9EC5D /* Main */ = {
			isa = PBXGroup;
			children = (
				D08C43DD2592F60300D9EC5D /* Models */,
				D08C43DF2592F60300D9EC5D /* Views */,
			);
			path = Main;
			sourceTree = "<group>";
		};
		D08C43DD2592F60300D9EC5D /* Models */ = {
			isa = PBXGroup;
			children = (
				D08C43DE2592F60300D9EC5D /* Models.swift */,
			);
			path = Models;
			sourceTree = "<group>";
		};
		D08C43DF2592F60300D9EC5D /* Views */ = {
			isa = PBXGroup;
			children = (
				D08C43E02592F60300D9EC5D /* ContentView.swift */,
				D08C43E925930E6100D9EC5D /* PersonalCenterView.swift */,
			);
			path = Views;
			sourceTree = "<group>";
		};
		D08C43F02593211400D9EC5D /* ViewControllers */ = {
			isa = PBXGroup;
			children = (
				D08C43F12593211400D9EC5D /* SettingViewController.swift */,
				D08C43F22593211400D9EC5D /* ViewController.swift */,
				D08C44092593289000D9EC5D /* LoginHostingController.swift */,
			);
			path = ViewControllers;
			sourceTree = "<group>";
		};
		D08C43F32593211400D9EC5D /* Views */ = {
			isa = PBXGroup;
			children = (
				D08C43F42593211400D9EC5D /* LoginUserItem.xib */,
				D08C43F52593211400D9EC5D /* LoginUserItem.swift */,
				D08C43F62593211400D9EC5D /* LoginImageButton.swift */,
				D08C43F72593211400D9EC5D /* StatusButton.swift */,
				D08C43F82593211400D9EC5D /* LoginAccountTextField.swift */,
				D08C43F92593211400D9EC5D /* LoginPasswordTextField.swift */,
			);
			path = Views;
			sourceTree = "<group>";
		};
		D08C43FA2593211400D9EC5D /* WindowControllers */ = {
			isa = PBXGroup;
			children = (
				D08C43FB2593211400D9EC5D /* LoginWindowController.swift */,
				D08C440C259332B600D9EC5D /* LoginWindowController.storyboard */,
			);
			path = WindowControllers;
			sourceTree = "<group>";
		};
		D08C43FC2593211400D9EC5D /* Models */ = {
			isa = PBXGroup;
			children = (
				D08C43FD2593211400D9EC5D /* LoginUserItemModel.swift */,
			);
			path = Models;
			sourceTree = "<group>";
		};
/* End PBXGroup section */

/* Begin PBXNativeTarget section */
		D08C43562591CAAD00D9EC5D /* MacApp */ = {
			isa = PBXNativeTarget;
			buildConfigurationList = D08C436A2591CAAE00D9EC5D /* Build configuration list for PBXNativeTarget "MacApp" */;
			buildPhases = (
				D08C43532591CAAD00D9EC5D /* Sources */,
				D08C43542591CAAD00D9EC5D /* Frameworks */,
				D08C43552591CAAD00D9EC5D /* Resources */,
			);
			buildRules = (
			);
			dependencies = (
			);
			name = MacApp;
			productName = MacApp;
			productReference = D08C43572591CAAD00D9EC5D /* MacApp.app */;
			productType = "com.apple.product-type.application";
		};
/* End PBXNativeTarget section */

/* Begin PBXProject section */
		D08C434F2591CAAD00D9EC5D /* Project object */ = {
			isa = PBXProject;
			attributes = {
				LastSwiftUpdateCheck = 1220;
				LastUpgradeCheck = 1220;
				TargetAttributes = {
					D08C43562591CAAD00D9EC5D = {
						CreatedOnToolsVersion = 12.2;
					};
				};
			};
			buildConfigurationList = D08C43522591CAAD00D9EC5D /* Build configuration list for PBXProject "MacApp" */;
			compatibilityVersion = "Xcode 9.3";
			developmentRegion = en;
			hasScannedForEncodings = 0;
			knownRegions = (
				en,
				Base,
			);
			mainGroup = D08C434E2591CAAD00D9EC5D;
			productRefGroup = D08C43582591CAAD00D9EC5D /* Products */;
			projectDirPath = "";
			projectRoot = "";
			targets = (
				D08C43562591CAAD00D9EC5D /* MacApp */,
			);
		};
/* End PBXProject section */

/* Begin PBXResourcesBuildPhase section */
		D08C43552591CAAD00D9EC5D /* Resources */ = {
			isa = PBXResourcesBuildPhase;
			buildActionMask = 2147483647;
			files = (
				D08C43652591CAAE00D9EC5D /* Main.storyboard in Resources */,
				D08C44002593211400D9EC5D /* LoginUserItem.xib in Resources */,
				D08C43622591CAAE00D9EC5D /* Preview Assets.xcassets in Resources */,
				D08C435F2591CAAE00D9EC5D /* Assets.xcassets in Resources */,
				D08C440D259332B600D9EC5D /* LoginWindowController.storyboard in Resources */,
			);
			runOnlyForDeploymentPostprocessing = 0;
		};
/* End PBXResourcesBuildPhase section */

/* Begin PBXSourcesBuildPhase section */
		D08C43532591CAAD00D9EC5D /* Sources */ = {
			isa = PBXSourcesBuildPhase;
			buildActionMask = 2147483647;
			files = (
				D08C43CD2591F87900D9EC5D /* DetailView.swift in Sources */,
				D08C43FE2593211400D9EC5D /* SettingViewController.swift in Sources */,
				D08C44052593211400D9EC5D /* LoginPasswordTextField.swift in Sources */,
				D08C435B2591CAAD00D9EC5D /* AppDelegate.swift in Sources */,
				D08C43D92592E77D00D9EC5D /* LoginView.swift in Sources */,
				D08C44012593211400D9EC5D /* LoginUserItem.swift in Sources */,
				D08C44042593211400D9EC5D /* LoginAccountTextField.swift in Sources */,
				D08C43EA25930E6100D9EC5D /* PersonalCenterView.swift in Sources */,
				D08C440A2593289000D9EC5D /* LoginHostingController.swift in Sources */,
				D08C43E12592F60300D9EC5D /* Models.swift in Sources */,
				D08C43FF2593211400D9EC5D /* ViewController.swift in Sources */,
				D08C43762591D44000D9EC5D /* Prefs.swift in Sources */,
				D08C43E22592F60300D9EC5D /* ContentView.swift in Sources */,
				D08C437C2591D6C700D9EC5D /* PrefsView.swift in Sources */,
				D08C44062593211400D9EC5D /* LoginWindowController.swift in Sources */,
				D08C43792591D54F00D9EC5D /* NSWindow+Utils.swift in Sources */,
				D08C43722591D1A900D9EC5D /* UserDefaultsPropertyWrapper.swift in Sources */,
				D08C44032593211400D9EC5D /* StatusButton.swift in Sources */,
				D08C44072593211400D9EC5D /* LoginUserItemModel.swift in Sources */,
				D08C44022593211400D9EC5D /* LoginImageButton.swift in Sources */,
			);
			runOnlyForDeploymentPostprocessing = 0;
		};
/* End PBXSourcesBuildPhase section */

/* Begin PBXVariantGroup section */
		D08C43632591CAAE00D9EC5D /* Main.storyboard */ = {
			isa = PBXVariantGroup;
			children = (
				D08C43642591CAAE00D9EC5D /* Base */,
			);
			name = Main.storyboard;
			sourceTree = "<group>";
		};
/* End PBXVariantGroup section */

/* Begin XCBuildConfiguration section */
		D08C43682591CAAE00D9EC5D /* Debug */ = {
			isa = XCBuildConfiguration;
			buildSettings = {
				ALWAYS_SEARCH_USER_PATHS = NO;
				CLANG_ANALYZER_NONNULL = YES;
				CLANG_ANALYZER_NUMBER_OBJECT_CONVERSION = YES_AGGRESSIVE;
				CLANG_CXX_LANGUAGE_STANDARD = "gnu++14";
				CLANG_CXX_LIBRARY = "libc++";
				CLANG_ENABLE_MODULES = YES;
				CLANG_ENABLE_OBJC_ARC = YES;
				CLANG_ENABLE_OBJC_WEAK = YES;
				CLANG_WARN_BLOCK_CAPTURE_AUTORELEASING = YES;
				CLANG_WARN_BOOL_CONVERSION = YES;
				CLANG_WARN_COMMA = YES;
				CLANG_WARN_CONSTANT_CONVERSION = YES;
				CLANG_WARN_DEPRECATED_OBJC_IMPLEMENTATIONS = YES;
				CLANG_WARN_DIRECT_OBJC_ISA_USAGE = YES_ERROR;
				CLANG_WARN_DOCUMENTATION_COMMENTS = YES;
				CLANG_WARN_EMPTY_BODY = YES;
				CLANG_WARN_ENUM_CONVERSION = YES;
				CLANG_WARN_INFINITE_RECURSION = YES;
				CLANG_WARN_INT_CONVERSION = YES;
				CLANG_WARN_NON_LITERAL_NULL_CONVERSION = YES;
				CLANG_WARN_OBJC_IMPLICIT_RETAIN_SELF = YES;
				CLANG_WARN_OBJC_LITERAL_CONVERSION = YES;
				CLANG_WARN_OBJC_ROOT_CLASS = YES_ERROR;
				CLANG_WARN_QUOTED_INCLUDE_IN_FRAMEWORK_HEADER = YES;
				CLANG_WARN_RANGE_LOOP_ANALYSIS = YES;
				CLANG_WARN_STRICT_PROTOTYPES = YES;
				CLANG_WARN_SUSPICIOUS_MOVE = YES;
				CLANG_WARN_UNGUARDED_AVAILABILITY = YES_AGGRESSIVE;
				CLANG_WARN_UNREACHABLE_CODE = YES;
				CLANG_WARN__DUPLICATE_METHOD_MATCH = YES;
				COPY_PHASE_STRIP = NO;
				DEBUG_INFORMATION_FORMAT = dwarf;
				ENABLE_STRICT_OBJC_MSGSEND = YES;
				ENABLE_TESTABILITY = YES;
				GCC_C_LANGUAGE_STANDARD = gnu11;
				GCC_DYNAMIC_NO_PIC = NO;
				GCC_NO_COMMON_BLOCKS = YES;
				GCC_OPTIMIZATION_LEVEL = 0;
				GCC_PREPROCESSOR_DEFINITIONS = (
					"DEBUG=1",
					"$(inherited)",
				);
				GCC_WARN_64_TO_32_BIT_CONVERSION = YES;
				GCC_WARN_ABOUT_RETURN_TYPE = YES_ERROR;
				GCC_WARN_UNDECLARED_SELECTOR = YES;
				GCC_WARN_UNINITIALIZED_AUTOS = YES_AGGRESSIVE;
				GCC_WARN_UNUSED_FUNCTION = YES;
				GCC_WARN_UNUSED_VARIABLE = YES;
				MACOSX_DEPLOYMENT_TARGET = 11.0;
				MTL_ENABLE_DEBUG_INFO = INCLUDE_SOURCE;
				MTL_FAST_MATH = YES;
				ONLY_ACTIVE_ARCH = YES;
				SDKROOT = macosx;
				SWIFT_ACTIVE_COMPILATION_CONDITIONS = DEBUG;
				SWIFT_OPTIMIZATION_LEVEL = "-Onone";
			};
			name = Debug;
		};
		D08C43692591CAAE00D9EC5D /* Release */ = {
			isa = XCBuildConfiguration;
			buildSettings = {
				ALWAYS_SEARCH_USER_PATHS = NO;
				CLANG_ANALYZER_NONNULL = YES;
				CLANG_ANALYZER_NUMBER_OBJECT_CONVERSION = YES_AGGRESSIVE;
				CLANG_CXX_LANGUAGE_STANDARD = "gnu++14";
				CLANG_CXX_LIBRARY = "libc++";
				CLANG_ENABLE_MODULES = YES;
				CLANG_ENABLE_OBJC_ARC = YES;
				CLANG_ENABLE_OBJC_WEAK = YES;
				CLANG_WARN_BLOCK_CAPTURE_AUTORELEASING = YES;
				CLANG_WARN_BOOL_CONVERSION = YES;
				CLANG_WARN_COMMA = YES;
				CLANG_WARN_CONSTANT_CONVERSION = YES;
				CLANG_WARN_DEPRECATED_OBJC_IMPLEMENTATIONS = YES;
				CLANG_WARN_DIRECT_OBJC_ISA_USAGE = YES_ERROR;
				CLANG_WARN_DOCUMENTATION_COMMENTS = YES;
				CLANG_WARN_EMPTY_BODY = YES;
				CLANG_WARN_ENUM_CONVERSION = YES;
				CLANG_WARN_INFINITE_RECURSION = YES;
				CLANG_WARN_INT_CONVERSION = YES;
				CLANG_WARN_NON_LITERAL_NULL_CONVERSION = YES;
				CLANG_WARN_OBJC_IMPLICIT_RETAIN_SELF = YES;
				CLANG_WARN_OBJC_LITERAL_CONVERSION = YES;
				CLANG_WARN_OBJC_ROOT_CLASS = YES_ERROR;
				CLANG_WARN_QUOTED_INCLUDE_IN_FRAMEWORK_HEADER = YES;
				CLANG_WARN_RANGE_LOOP_ANALYSIS = YES;
				CLANG_WARN_STRICT_PROTOTYPES = YES;
				CLANG_WARN_SUSPICIOUS_MOVE = YES;
				CLANG_WARN_UNGUARDED_AVAILABILITY = YES_AGGRESSIVE;
				CLANG_WARN_UNREACHABLE_CODE = YES;
				CLANG_WARN__DUPLICATE_METHOD_MATCH = YES;
				COPY_PHASE_STRIP = NO;
				DEBUG_INFORMATION_FORMAT = "dwarf-with-dsym";
				ENABLE_NS_ASSERTIONS = NO;
				ENABLE_STRICT_OBJC_MSGSEND = YES;
				GCC_C_LANGUAGE_STANDARD = gnu11;
				GCC_NO_COMMON_BLOCKS = YES;
				GCC_WARN_64_TO_32_BIT_CONVERSION = YES;
				GCC_WARN_ABOUT_RETURN_TYPE = YES_ERROR;
				GCC_WARN_UNDECLARED_SELECTOR = YES;
				GCC_WARN_UNINITIALIZED_AUTOS = YES_AGGRESSIVE;
				GCC_WARN_UNUSED_FUNCTION = YES;
				GCC_WARN_UNUSED_VARIABLE = YES;
				MACOSX_DEPLOYMENT_TARGET = 11.0;
				MTL_ENABLE_DEBUG_INFO = NO;
				MTL_FAST_MATH = YES;
				SDKROOT = macosx;
				SWIFT_COMPILATION_MODE = wholemodule;
				SWIFT_OPTIMIZATION_LEVEL = "-O";
			};
			name = Release;
		};
		D08C436B2591CAAE00D9EC5D /* Debug */ = {
			isa = XCBuildConfiguration;
			buildSettings = {
				ASSETCATALOG_COMPILER_APPICON_NAME = AppIcon;
				ASSETCATALOG_COMPILER_GLOBAL_ACCENT_COLOR_NAME = AccentColor;
				CODE_SIGN_ENTITLEMENTS = MacApp/MacApp.entitlements;
				CODE_SIGN_STYLE = Automatic;
				COMBINE_HIDPI_IMAGES = YES;
				DEVELOPMENT_ASSET_PATHS = "\"MacApp/Preview Content\"";
				DEVELOPMENT_TEAM = 33TS6KJYJJ;
				ENABLE_HARDENED_RUNTIME = YES;
				ENABLE_PREVIEWS = YES;
				INFOPLIST_FILE = MacApp/Info.plist;
				LD_RUNPATH_SEARCH_PATHS = (
					"$(inherited)",
					"@executable_path/../Frameworks",
				);
				MACOSX_DEPLOYMENT_TARGET = 10.15;
				PRODUCT_BUNDLE_IDENTIFIER = com.ruiteng.MacApp;
				PRODUCT_NAME = "$(TARGET_NAME)";
				SWIFT_VERSION = 5.0;
			};
			name = Debug;
		};
		D08C436C2591CAAE00D9EC5D /* Release */ = {
			isa = XCBuildConfiguration;
			buildSettings = {
				ASSETCATALOG_COMPILER_APPICON_NAME = AppIcon;
				ASSETCATALOG_COMPILER_GLOBAL_ACCENT_COLOR_NAME = AccentColor;
				CODE_SIGN_ENTITLEMENTS = MacApp/MacApp.entitlements;
				CODE_SIGN_STYLE = Automatic;
				COMBINE_HIDPI_IMAGES = YES;
				DEVELOPMENT_ASSET_PATHS = "\"MacApp/Preview Content\"";
				DEVELOPMENT_TEAM = 33TS6KJYJJ;
				ENABLE_HARDENED_RUNTIME = YES;
				ENABLE_PREVIEWS = YES;
				INFOPLIST_FILE = MacApp/Info.plist;
				LD_RUNPATH_SEARCH_PATHS = (
					"$(inherited)",
					"@executable_path/../Frameworks",
				);
				MACOSX_DEPLOYMENT_TARGET = 10.15;
				PRODUCT_BUNDLE_IDENTIFIER = com.ruiteng.MacApp;
				PRODUCT_NAME = "$(TARGET_NAME)";
				SWIFT_VERSION = 5.0;
			};
			name = Release;
		};
/* End XCBuildConfiguration section */

/* Begin XCConfigurationList section */
		D08C43522591CAAD00D9EC5D /* Build configuration list for PBXProject "MacApp" */ = {
			isa = XCConfigurationList;
			buildConfigurations = (
				D08C43682591CAAE00D9EC5D /* Debug */,
				D08C43692591CAAE00D9EC5D /* Release */,
			);
			defaultConfigurationIsVisible = 0;
			defaultConfigurationName = Release;
		};
		D08C436A2591CAAE00D9EC5D /* Build configuration list for PBXNativeTarget "MacApp" */ = {
			isa = XCConfigurationList;
			buildConfigurations = (
				D08C436B2591CAAE00D9EC5D /* Debug */,
				D08C436C2591CAAE00D9EC5D /* Release */,
			);
			defaultConfigurationIsVisible = 0;
			defaultConfigurationName = Release;
		};
/* End XCConfigurationList section */
	};
	rootObject = D08C434F2591CAAD00D9EC5D /* Project object */;
}
